
Microsoft Visual Studio Solution File, Format Version 12.00
# Visual Studio 15
VisualStudioVersion = 15.0.26730.12
MinimumVisualStudioVersion = 10.0.40219.1
Project("{FAE04EC0-301F-11D3-BF4B-00C04F79EFBC}") = "Hangfire.AzureDocumentDB", "Hangfire.AzureDocumentDB\Hangfire.AzureDocumentDB.csproj", "{E0AD3801-5504-49A7-80C6-8B4373DDE0E5}"
EndProject
Global
	GlobalSection(SolutionConfigurationPlatforms) = preSolution
		Debug|Any CPU = Debug|Any CPU
		Release|Any CPU = Release|Any CPU
	EndGlobalSection
	GlobalSection(ProjectConfigurationPlatforms) = postSolution
		{E0AD3801-5504-49A7-80C6-8B4373DDE0E5}.Debug|Any CPU.ActiveCfg = Debug|Any CPU
		{E0AD3801-5504-49A7-80C6-8B4373DDE0E5}.Debug|Any CPU.Build.0 = Debug|Any CPU
		{E0AD3801-5504-49A7-80C6-8B4373DDE0E5}.Release|Any CPU.ActiveCfg = Release|Any CPU
		{E0AD3801-5504-49A7-80C6-8B4373DDE0E5}.Release|Any CPU.Build.0 = Release|Any CPU
	EndGlobalSection
	GlobalSection(SolutionProperties) = preSolution
		HideSolutionNode = FALSE
	EndGlobalSection
	GlobalSection(ExtensibilityGlobals) = postSolution
		SolutionGuid = {EAFEE730-6598-4E73-BE18-AAE85E70F627}
	EndGlobalSection
EndGlobal
